
Microsoft Visual Studio Solution File, Format Version 12.00
# Visual Studio 15
VisualStudioVersion = 15.0.27703.2042
MinimumVisualStudioVersion = 10.0.40219.1
Project("{9A19103F-16F7-4668-BE54-9A1E7A4F7556}") = "Re.Base", "Re.Base\Re.Base.csproj", "{8B5D1D5C-04C0-4F25-9B9A-A94E17B11585}"
EndProject
Project("{9A19103F-16F7-4668-BE54-9A1E7A4F7556}") = "Re.Base.Client", "Re.Base.Client\Re.Base.Client.csproj", "{9A72BA50-B807-4ED8-A29D-1B799B4B1C2D}"
EndProject
Project("{9A19103F-16F7-4668-BE54-9A1E7A4F7556}") = "Re.Base.Linq", "Re.Base.Linq\Re.Base.Linq.csproj", "{1EE02B93-DC41-4B9D-BDAC-A7042F93040E}"
EndProject
Project("{9A19103F-16F7-4668-BE54-9A1E7A4F7556}") = "Re.Base.Data", "Re.Base.Data\Re.Base.Data.csproj", "{BEB448B6-EA73-44EA-AE35-C9CBB4BE0F7D}"
EndProject
Project("{9A19103F-16F7-4668-BE54-9A1E7A4F7556}") = "Re.Base.Indexing", "Re.Base.Indexing\Re.Base.Indexing.csproj", "{1541936A-2BB2-4CA0-9DFE-FF72754D0DDD}"
EndProject
Project("{FAE04EC0-301F-11D3-BF4B-00C04F79EFBC}") = "Re.Base.Mapping", "Re.Base.Mapping\Re.Base.Mapping.csproj", "{32964466-3D6E-4522-A544-6E57EA11D37A}"
EndProject
Global
	GlobalSection(SolutionConfigurationPlatforms) = preSolution
		Debug|Any CPU = Debug|Any CPU
		Release|Any CPU = Release|Any CPU
	EndGlobalSection
	GlobalSection(ProjectConfigurationPlatforms) = postSolution
		{8B5D1D5C-04C0-4F25-9B9A-A94E17B11585}.Debug|Any CPU.ActiveCfg = Debug|Any CPU
		{8B5D1D5C-04C0-4F25-9B9A-A94E17B11585}.Debug|Any CPU.Build.0 = Debug|Any CPU
		{8B5D1D5C-04C0-4F25-9B9A-A94E17B11585}.Release|Any CPU.ActiveCfg = Release|Any CPU
		{8B5D1D5C-04C0-4F25-9B9A-A94E17B11585}.Release|Any CPU.Build.0 = Release|Any CPU
		{9A72BA50-B807-4ED8-A29D-1B799B4B1C2D}.Debug|Any CPU.ActiveCfg = Debug|Any CPU
		{9A72BA50-B807-4ED8-A29D-1B799B4B1C2D}.Debug|Any CPU.Build.0 = Debug|Any CPU
		{9A72BA50-B807-4ED8-A29D-1B799B4B1C2D}.Release|Any CPU.ActiveCfg = Release|Any CPU
		{9A72BA50-B807-4ED8-A29D-1B799B4B1C2D}.Release|Any CPU.Build.0 = Release|Any CPU
		{1EE02B93-DC41-4B9D-BDAC-A7042F93040E}.Debug|Any CPU.ActiveCfg = Debug|Any CPU
		{1EE02B93-DC41-4B9D-BDAC-A7042F93040E}.Debug|Any CPU.Build.0 = Debug|Any CPU
		{1EE02B93-DC41-4B9D-BDAC-A7042F93040E}.Release|Any CPU.ActiveCfg = Release|Any CPU
		{1EE02B93-DC41-4B9D-BDAC-A7042F93040E}.Release|Any CPU.Build.0 = Release|Any CPU
		{BEB448B6-EA73-44EA-AE35-C9CBB4BE0F7D}.Debug|Any CPU.ActiveCfg = Debug|Any CPU
		{BEB448B6-EA73-44EA-AE35-C9CBB4BE0F7D}.Debug|Any CPU.Build.0 = Debug|Any CPU
		{BEB448B6-EA73-44EA-AE35-C9CBB4BE0F7D}.Release|Any CPU.ActiveCfg = Release|Any CPU
		{BEB448B6-EA73-44EA-AE35-C9CBB4BE0F7D}.Release|Any CPU.Build.0 = Release|Any CPU
		{1541936A-2BB2-4CA0-9DFE-FF72754D0DDD}.Debug|Any CPU.ActiveCfg = Debug|Any CPU
		{1541936A-2BB2-4CA0-9DFE-FF72754D0DDD}.Debug|Any CPU.Build.0 = Debug|Any CPU
		{1541936A-2BB2-4CA0-9DFE-FF72754D0DDD}.Release|Any CPU.ActiveCfg = Release|Any CPU
		{1541936A-2BB2-4CA0-9DFE-FF72754D0DDD}.Release|Any CPU.Build.0 = Release|Any CPU
		{32964466-3D6E-4522-A544-6E57EA11D37A}.Debug|Any CPU.ActiveCfg = Debug|Any CPU
		{32964466-3D6E-4522-A544-6E57EA11D37A}.Debug|Any CPU.Build.0 = Debug|Any CPU
		{32964466-3D6E-4522-A544-6E57EA11D37A}.Release|Any CPU.ActiveCfg = Release|Any CPU
		{32964466-3D6E-4522-A544-6E57EA11D37A}.Release|Any CPU.Build.0 = Release|Any CPU
	EndGlobalSection
	GlobalSection(SolutionProperties) = preSolution
		HideSolutionNode = FALSE
	EndGlobalSection
	GlobalSection(ExtensibilityGlobals) = postSolution
		SolutionGuid = {D2EB6930-E16C-4272-ADAB-18107CD7A12B}
	EndGlobalSection
EndGlobal
